
Microsoft Visual Studio Solution File, Format Version 12.00
# Visual Studio Version 17
VisualStudioVersion = 17.4.33213.308
MinimumVisualStudioVersion = 10.0.40219.1
Project("{9A19103F-16F7-4668-BE54-9A1E7A4F7556}") = "Web", "Web\Web.csproj", "{DEABAACF-BBFD-43A7-B43F-F7B8F57DBA11}"
EndProject
Project("{2150E333-8FDC-42A3-9474-1A3956D46DE8}") = "src", "src", "{A48A4677-1FF1-47AA-97D0-ACB2382E8304}"
EndProject
Project("{2150E333-8FDC-42A3-9474-1A3956D46DE8}") = "test", "test", "{CBE28F5A-7DE8-4E25-BCFE-08D90BD4EACC}"
EndProject
Project("{2150E333-8FDC-42A3-9474-1A3956D46DE8}") = "Core", "Core", "{B32B2559-C996-44E0-9012-EA0A242DA1D7}"
EndProject
Project("{9A19103F-16F7-4668-BE54-9A1E7A4F7556}") = "Domain", "Domain\Domain.csproj", "{4FE408C8-B1F7-4D2F-9D6B-AB2CDE61159A}"
EndProject
Project("{9A19103F-16F7-4668-BE54-9A1E7A4F7556}") = "Application", "Application\Application.csproj", "{C670792E-DC84-4415-BA08-3CD076006809}"
EndProject
Project("{2150E333-8FDC-42A3-9474-1A3956D46DE8}") = "External", "External", "{017A07B9-67B5-43CB-BB43-5ACD501664E7}"
EndProject
Project("{9A19103F-16F7-4668-BE54-9A1E7A4F7556}") = "Infrastructure", "Infrastructure\Infrastructure.csproj", "{43BA0B80-9055-4116-B0F0-7E43AFCD463E}"
EndProject
Project("{9A19103F-16F7-4668-BE54-9A1E7A4F7556}") = "Presentation", "Presentation\Presentation.csproj", "{A4759998-E542-4CA7-9955-8AB4AC4564E6}"
EndProject
Project("{FAE04EC0-301F-11D3-BF4B-00C04F79EFBC}") = "Design.Tests", "..\test\Architecture.Tests\Design.Tests.csproj", "{D98DE7D4-FCB5-4B94-A7F2-06441D056888}"
EndProject
Global
	GlobalSection(SolutionConfigurationPlatforms) = preSolution
		Debug|Any CPU = Debug|Any CPU
		Release|Any CPU = Release|Any CPU
	EndGlobalSection
	GlobalSection(ProjectConfigurationPlatforms) = postSolution
		{DEABAACF-BBFD-43A7-B43F-F7B8F57DBA11}.Debug|Any CPU.ActiveCfg = Debug|Any CPU
		{DEABAACF-BBFD-43A7-B43F-F7B8F57DBA11}.Debug|Any CPU.Build.0 = Debug|Any CPU
		{DEABAACF-BBFD-43A7-B43F-F7B8F57DBA11}.Release|Any CPU.ActiveCfg = Release|Any CPU
		{DEABAACF-BBFD-43A7-B43F-F7B8F57DBA11}.Release|Any CPU.Build.0 = Release|Any CPU
		{4FE408C8-B1F7-4D2F-9D6B-AB2CDE61159A}.Debug|Any CPU.ActiveCfg = Debug|Any CPU
		{4FE408C8-B1F7-4D2F-9D6B-AB2CDE61159A}.Debug|Any CPU.Build.0 = Debug|Any CPU
		{4FE408C8-B1F7-4D2F-9D6B-AB2CDE61159A}.Release|Any CPU.ActiveCfg = Release|Any CPU
		{4FE408C8-B1F7-4D2F-9D6B-AB2CDE61159A}.Release|Any CPU.Build.0 = Release|Any CPU
		{C670792E-DC84-4415-BA08-3CD076006809}.Debug|Any CPU.ActiveCfg = Debug|Any CPU
		{C670792E-DC84-4415-BA08-3CD076006809}.Debug|Any CPU.Build.0 = Debug|Any CPU
		{C670792E-DC84-4415-BA08-3CD076006809}.Release|Any CPU.ActiveCfg = Release|Any CPU
		{C670792E-DC84-4415-BA08-3CD076006809}.Release|Any CPU.Build.0 = Release|Any CPU
		{43BA0B80-9055-4116-B0F0-7E43AFCD463E}.Debug|Any CPU.ActiveCfg = Debug|Any CPU
		{43BA0B80-9055-4116-B0F0-7E43AFCD463E}.Debug|Any CPU.Build.0 = Debug|Any CPU
		{43BA0B80-9055-4116-B0F0-7E43AFCD463E}.Release|Any CPU.ActiveCfg = Release|Any CPU
		{43BA0B80-9055-4116-B0F0-7E43AFCD463E}.Release|Any CPU.Build.0 = Release|Any CPU
		{A4759998-E542-4CA7-9955-8AB4AC4564E6}.Debug|Any CPU.ActiveCfg = Debug|Any CPU
		{A4759998-E542-4CA7-9955-8AB4AC4564E6}.Debug|Any CPU.Build.0 = Debug|Any CPU
		{A4759998-E542-4CA7-9955-8AB4AC4564E6}.Release|Any CPU.ActiveCfg = Release|Any CPU
		{A4759998-E542-4CA7-9955-8AB4AC4564E6}.Release|Any CPU.Build.0 = Release|Any CPU
		{D98DE7D4-FCB5-4B94-A7F2-06441D056888}.Debug|Any CPU.ActiveCfg = Debug|Any CPU
		{D98DE7D4-FCB5-4B94-A7F2-06441D056888}.Debug|Any CPU.Build.0 = Debug|Any CPU
		{D98DE7D4-FCB5-4B94-A7F2-06441D056888}.Release|Any CPU.ActiveCfg = Release|Any CPU
		{D98DE7D4-FCB5-4B94-A7F2-06441D056888}.Release|Any CPU.Build.0 = Release|Any CPU
	EndGlobalSection
	GlobalSection(SolutionProperties) = preSolution
		HideSolutionNode = FALSE
	EndGlobalSection
	GlobalSection(NestedProjects) = preSolution
		{DEABAACF-BBFD-43A7-B43F-F7B8F57DBA11} = {A48A4677-1FF1-47AA-97D0-ACB2382E8304}
		{B32B2559-C996-44E0-9012-EA0A242DA1D7} = {A48A4677-1FF1-47AA-97D0-ACB2382E8304}
		{4FE408C8-B1F7-4D2F-9D6B-AB2CDE61159A} = {B32B2559-C996-44E0-9012-EA0A242DA1D7}
		{C670792E-DC84-4415-BA08-3CD076006809} = {B32B2559-C996-44E0-9012-EA0A242DA1D7}
		{017A07B9-67B5-43CB-BB43-5ACD501664E7} = {A48A4677-1FF1-47AA-97D0-ACB2382E8304}
		{43BA0B80-9055-4116-B0F0-7E43AFCD463E} = {017A07B9-67B5-43CB-BB43-5ACD501664E7}
		{A4759998-E542-4CA7-9955-8AB4AC4564E6} = {017A07B9-67B5-43CB-BB43-5ACD501664E7}
		{D98DE7D4-FCB5-4B94-A7F2-06441D056888} = {CBE28F5A-7DE8-4E25-BCFE-08D90BD4EACC}
	EndGlobalSection
	GlobalSection(ExtensibilityGlobals) = postSolution
		SolutionGuid = {EBF77D26-FE1B-4B21-A44C-7B7235031EBC}
	EndGlobalSection
EndGlobal
